
Microsoft Visual Studio Solution File, Format Version 12.00
# Visual Studio 2013
VisualStudioVersion = 12.0.30723.0
MinimumVisualStudioVersion = 10.0.40219.1
Project("{FAE04EC0-301F-11D3-BF4B-00C04F79EFBC}") = "FileStorageSpike", "FileStorageSpike\FileStorageSpike.csproj", "{274A4726-9DA1-434E-A01E-66637E0CBC1A}"
EndProject
Project("{FAE04EC0-301F-11D3-BF4B-00C04F79EFBC}") = "FileStorageSpike.Interfaces", "FileStorageSpike.Interfaces\FileStorageSpike.Interfaces.csproj", "{4A9DF061-9A1C-47FE-8BB0-C97A585D4D64}"
EndProject
Project("{FAE04EC0-301F-11D3-BF4B-00C04F79EFBC}") = "FileStorageSpike.Services", "FileStorageSpike.Services\FileStorageSpike.Services.csproj", "{A3DE105C-4B71-4290-8697-26B01154EC6D}"
EndProject
Project("{FAE04EC0-301F-11D3-BF4B-00C04F79EFBC}") = "TestClient", "TestClient\TestClient.csproj", "{C0E36D4F-F54B-4A5A-81FB-21B829AA7183}"
EndProject
Project("{2150E333-8FDC-42A3-9474-1A3956D46DE8}") = "Solution Items", "Solution Items", "{E7647625-1B9E-4FE3-A74C-B8C61F6D7B28}"
	ProjectSection(SolutionItems) = preProject
		DS01.png = DS01.png
	EndProjectSection
EndProject
Global
	GlobalSection(SolutionConfigurationPlatforms) = preSolution
		Debug|Any CPU = Debug|Any CPU
		Release|Any CPU = Release|Any CPU
	EndGlobalSection
	GlobalSection(ProjectConfigurationPlatforms) = postSolution
		{274A4726-9DA1-434E-A01E-66637E0CBC1A}.Debug|Any CPU.ActiveCfg = Debug|Any CPU
		{274A4726-9DA1-434E-A01E-66637E0CBC1A}.Debug|Any CPU.Build.0 = Debug|Any CPU
		{274A4726-9DA1-434E-A01E-66637E0CBC1A}.Release|Any CPU.ActiveCfg = Release|Any CPU
		{274A4726-9DA1-434E-A01E-66637E0CBC1A}.Release|Any CPU.Build.0 = Release|Any CPU
		{4A9DF061-9A1C-47FE-8BB0-C97A585D4D64}.Debug|Any CPU.ActiveCfg = Debug|Any CPU
		{4A9DF061-9A1C-47FE-8BB0-C97A585D4D64}.Debug|Any CPU.Build.0 = Debug|Any CPU
		{4A9DF061-9A1C-47FE-8BB0-C97A585D4D64}.Release|Any CPU.ActiveCfg = Release|Any CPU
		{4A9DF061-9A1C-47FE-8BB0-C97A585D4D64}.Release|Any CPU.Build.0 = Release|Any CPU
		{A3DE105C-4B71-4290-8697-26B01154EC6D}.Debug|Any CPU.ActiveCfg = Debug|Any CPU
		{A3DE105C-4B71-4290-8697-26B01154EC6D}.Debug|Any CPU.Build.0 = Debug|Any CPU
		{A3DE105C-4B71-4290-8697-26B01154EC6D}.Release|Any CPU.ActiveCfg = Release|Any CPU
		{A3DE105C-4B71-4290-8697-26B01154EC6D}.Release|Any CPU.Build.0 = Release|Any CPU
		{C0E36D4F-F54B-4A5A-81FB-21B829AA7183}.Debug|Any CPU.ActiveCfg = Debug|Any CPU
		{C0E36D4F-F54B-4A5A-81FB-21B829AA7183}.Debug|Any CPU.Build.0 = Debug|Any CPU
		{C0E36D4F-F54B-4A5A-81FB-21B829AA7183}.Release|Any CPU.ActiveCfg = Release|Any CPU
		{C0E36D4F-F54B-4A5A-81FB-21B829AA7183}.Release|Any CPU.Build.0 = Release|Any CPU
	EndGlobalSection
	GlobalSection(SolutionProperties) = preSolution
		HideSolutionNode = FALSE
	EndGlobalSection
EndGlobal
